
Microsoft Visual Studio Solution File, Format Version 12.00
# Visual Studio Version 17
VisualStudioVersion = 17.4.33122.133
MinimumVisualStudioVersion = 10.0.40219.1
Project("{FAE04EC0-301F-11D3-BF4B-00C04F79EFBC}") = "StudentsMVC", "StudentsMVC\StudentsMVC.csproj", "{3C737CBA-33D4-4DF5-991C-022869ADCEDE}"
EndProject
Global
	GlobalSection(SolutionConfigurationPlatforms) = preSolution
		Debug|Any CPU = Debug|Any CPU
		Release|Any CPU = Release|Any CPU
	EndGlobalSection
	GlobalSection(ProjectConfigurationPlatforms) = postSolution
		{3C737CBA-33D4-4DF5-991C-022869ADCEDE}.Debug|Any CPU.ActiveCfg = Debug|Any CPU
		{3C737CBA-33D4-4DF5-991C-022869ADCEDE}.Debug|Any CPU.Build.0 = Debug|Any CPU
		{3C737CBA-33D4-4DF5-991C-022869ADCEDE}.Release|Any CPU.ActiveCfg = Release|Any CPU
		{3C737CBA-33D4-4DF5-991C-022869ADCEDE}.Release|Any CPU.Build.0 = Release|Any CPU
	EndGlobalSection
	GlobalSection(SolutionProperties) = preSolution
		HideSolutionNode = FALSE
	EndGlobalSection
	GlobalSection(ExtensibilityGlobals) = postSolution
		SolutionGuid = {BF93FB9A-5DD2-417F-92CB-72226E8287BB}
	EndGlobalSection
EndGlobal
