
Microsoft Visual Studio Solution File, Format Version 12.00
# Visual Studio Version 17
VisualStudioVersion = 17.8.34525.116
MinimumVisualStudioVersion = 10.0.40219.1
Project("{FAE04EC0-301F-11D3-BF4B-00C04F79EFBC}") = "MusicPortal(WebAPI)", "MusicPortal(WebAPI)\MusicPortal(WebAPI).csproj", "{D28F057F-37A8-4E4B-817A-1CE0E1DE10D1}"
EndProject
Global
	GlobalSection(SolutionConfigurationPlatforms) = preSolution
		Debug|Any CPU = Debug|Any CPU
		Release|Any CPU = Release|Any CPU
	EndGlobalSection
	GlobalSection(ProjectConfigurationPlatforms) = postSolution
		{D28F057F-37A8-4E4B-817A-1CE0E1DE10D1}.Debug|Any CPU.ActiveCfg = Debug|Any CPU
		{D28F057F-37A8-4E4B-817A-1CE0E1DE10D1}.Debug|Any CPU.Build.0 = Debug|Any CPU
		{D28F057F-37A8-4E4B-817A-1CE0E1DE10D1}.Release|Any CPU.ActiveCfg = Release|Any CPU
		{D28F057F-37A8-4E4B-817A-1CE0E1DE10D1}.Release|Any CPU.Build.0 = Release|Any CPU
	EndGlobalSection
	GlobalSection(SolutionProperties) = preSolution
		HideSolutionNode = FALSE
	EndGlobalSection
	GlobalSection(ExtensibilityGlobals) = postSolution
		SolutionGuid = {09A58975-7F4C-49E3-9CF1-2E76D65B50F1}
	EndGlobalSection
EndGlobal
