
Microsoft Visual Studio Solution File, Format Version 12.00
# Visual Studio Version 17
VisualStudioVersion = 17.5.33516.290
MinimumVisualStudioVersion = 10.0.40219.1
Project("{FAE04EC0-301F-11D3-BF4B-00C04F79EFBC}") = "SignalrWpfClient", "SignalrWpfClient\SignalrWpfClient.csproj", "{AA0CF087-FDE0-4403-A4D7-4FE1D16ACF8A}"
EndProject
Global
	GlobalSection(SolutionConfigurationPlatforms) = preSolution
		Debug|Any CPU = Debug|Any CPU
		Release|Any CPU = Release|Any CPU
	EndGlobalSection
	GlobalSection(ProjectConfigurationPlatforms) = postSolution
		{AA0CF087-FDE0-4403-A4D7-4FE1D16ACF8A}.Debug|Any CPU.ActiveCfg = Debug|Any CPU
		{AA0CF087-FDE0-4403-A4D7-4FE1D16ACF8A}.Debug|Any CPU.Build.0 = Debug|Any CPU
		{AA0CF087-FDE0-4403-A4D7-4FE1D16ACF8A}.Release|Any CPU.ActiveCfg = Release|Any CPU
		{AA0CF087-FDE0-4403-A4D7-4FE1D16ACF8A}.Release|Any CPU.Build.0 = Release|Any CPU
	EndGlobalSection
	GlobalSection(SolutionProperties) = preSolution
		HideSolutionNode = FALSE
	EndGlobalSection
	GlobalSection(ExtensibilityGlobals) = postSolution
		SolutionGuid = {CA057828-2D31-431C-8C11-0AC6FEF265C1}
	EndGlobalSection
EndGlobal
