
Microsoft Visual Studio Solution File, Format Version 12.00
# Visual Studio Version 17
VisualStudioVersion = 17.4.33122.133
MinimumVisualStudioVersion = 10.0.40219.1
Project("{FAE04EC0-301F-11D3-BF4B-00C04F79EFBC}") = "Styles In ASP.NET Core MVC", "Styles In ASP.NET Core MVC\Styles In ASP.NET Core MVC.csproj", "{C892AC10-51F0-4F7B-BFA2-67691F0940CC}"
EndProject
Global
	GlobalSection(SolutionConfigurationPlatforms) = preSolution
		Debug|Any CPU = Debug|Any CPU
		Release|Any CPU = Release|Any CPU
	EndGlobalSection
	GlobalSection(ProjectConfigurationPlatforms) = postSolution
		{C892AC10-51F0-4F7B-BFA2-67691F0940CC}.Debug|Any CPU.ActiveCfg = Debug|Any CPU
		{C892AC10-51F0-4F7B-BFA2-67691F0940CC}.Debug|Any CPU.Build.0 = Debug|Any CPU
		{C892AC10-51F0-4F7B-BFA2-67691F0940CC}.Release|Any CPU.ActiveCfg = Release|Any CPU
		{C892AC10-51F0-4F7B-BFA2-67691F0940CC}.Release|Any CPU.Build.0 = Release|Any CPU
	EndGlobalSection
	GlobalSection(SolutionProperties) = preSolution
		HideSolutionNode = FALSE
	EndGlobalSection
	GlobalSection(ExtensibilityGlobals) = postSolution
		SolutionGuid = {95CCDC3B-4210-4B7A-99F9-383153E9C622}
	EndGlobalSection
EndGlobal
